
Microsoft Visual Studio Solution File, Format Version 12.00
# Visual Studio Version 17
VisualStudioVersion = 17.3.32901.215
MinimumVisualStudioVersion = 10.0.40219.1
Project("{FAE04EC0-301F-11D3-BF4B-00C04F79EFBC}") = "P5_2_1214079", "P5_2_1214079\P5_2_1214079.csproj", "{D92EF773-3544-4134-917B-80E246BB2977}"
EndProject
Global
	GlobalSection(SolutionConfigurationPlatforms) = preSolution
		Debug|Any CPU = Debug|Any CPU
		Release|Any CPU = Release|Any CPU
	EndGlobalSection
	GlobalSection(ProjectConfigurationPlatforms) = postSolution
		{D92EF773-3544-4134-917B-80E246BB2977}.Debug|Any CPU.ActiveCfg = Debug|Any CPU
		{D92EF773-3544-4134-917B-80E246BB2977}.Debug|Any CPU.Build.0 = Debug|Any CPU
		{D92EF773-3544-4134-917B-80E246BB2977}.Release|Any CPU.ActiveCfg = Release|Any CPU
		{D92EF773-3544-4134-917B-80E246BB2977}.Release|Any CPU.Build.0 = Release|Any CPU
	EndGlobalSection
	GlobalSection(SolutionProperties) = preSolution
		HideSolutionNode = FALSE
	EndGlobalSection
	GlobalSection(ExtensibilityGlobals) = postSolution
		SolutionGuid = {A73BF590-56D8-4606-A90B-B4EF0886A179}
	EndGlobalSection
EndGlobal
